
Microsoft Visual Studio Solution File, Format Version 12.00
# Visual Studio Version 17
VisualStudioVersion = 17.5.33516.290
MinimumVisualStudioVersion = 10.0.40219.1
Project("{FAE04EC0-301F-11D3-BF4B-00C04F79EFBC}") = "FinalTuyetMaiPham", "FinalTuyetMaiPham\FinalTuyetMaiPham.csproj", "{FC49B09B-53A2-4A23-A5A7-BD849F55CE74}"
EndProject
Global
	GlobalSection(SolutionConfigurationPlatforms) = preSolution
		Debug|Any CPU = Debug|Any CPU
		Release|Any CPU = Release|Any CPU
	EndGlobalSection
	GlobalSection(ProjectConfigurationPlatforms) = postSolution
		{FC49B09B-53A2-4A23-A5A7-BD849F55CE74}.Debug|Any CPU.ActiveCfg = Debug|Any CPU
		{FC49B09B-53A2-4A23-A5A7-BD849F55CE74}.Debug|Any CPU.Build.0 = Debug|Any CPU
		{FC49B09B-53A2-4A23-A5A7-BD849F55CE74}.Release|Any CPU.ActiveCfg = Release|Any CPU
		{FC49B09B-53A2-4A23-A5A7-BD849F55CE74}.Release|Any CPU.Build.0 = Release|Any CPU
	EndGlobalSection
	GlobalSection(SolutionProperties) = preSolution
		HideSolutionNode = FALSE
	EndGlobalSection
	GlobalSection(ExtensibilityGlobals) = postSolution
		SolutionGuid = {69E445A5-C9BD-42EF-A210-1B26821597DA}
	EndGlobalSection
EndGlobal
